
Microsoft Visual Studio Solution File, Format Version 12.00
# Visual Studio Version 16
VisualStudioVersion = 16.0.30503.244
MinimumVisualStudioVersion = 10.0.40219.1
Project("{FAE04EC0-301F-11D3-BF4B-00C04F79EFBC}") = "Hi-Tech", "Hi-Tech.csproj", "{EDCEB48D-E6A6-436E-A964-278D871D4FE8}"
EndProject
Global
	GlobalSection(SolutionConfigurationPlatforms) = preSolution
		Debug|Any CPU = Debug|Any CPU
		Release|Any CPU = Release|Any CPU
	EndGlobalSection
	GlobalSection(ProjectConfigurationPlatforms) = postSolution
		{EDCEB48D-E6A6-436E-A964-278D871D4FE8}.Debug|Any CPU.ActiveCfg = Debug|Any CPU
		{EDCEB48D-E6A6-436E-A964-278D871D4FE8}.Debug|Any CPU.Build.0 = Debug|Any CPU
		{EDCEB48D-E6A6-436E-A964-278D871D4FE8}.Release|Any CPU.ActiveCfg = Release|Any CPU
		{EDCEB48D-E6A6-436E-A964-278D871D4FE8}.Release|Any CPU.Build.0 = Release|Any CPU
	EndGlobalSection
	GlobalSection(SolutionProperties) = preSolution
		HideSolutionNode = FALSE
	EndGlobalSection
	GlobalSection(ExtensibilityGlobals) = postSolution
		SolutionGuid = {1E092468-9F93-4C87-85FB-ECD3814262CD}
	EndGlobalSection
EndGlobal
